
Microsoft Visual Studio Solution File, Format Version 12.00
# Visual Studio 14
VisualStudioVersion = 14.0.24720.0
MinimumVisualStudioVersion = 10.0.40219.1
Project("{FAE04EC0-301F-11D3-BF4B-00C04F79EFBC}") = "UrlAndRoutes", "UrlAndRoutes\UrlAndRoutes.csproj", "{9980AB6D-E4C1-431A-AB56-B7EAF5021B79}"
EndProject
Project("{FAE04EC0-301F-11D3-BF4B-00C04F79EFBC}") = "UrlAndRoutes.Tests", "UrlAndRoutes.Tests\UrlAndRoutes.Tests.csproj", "{9C97552E-36B8-45D0-B660-00933398037D}"
EndProject
Global
	GlobalSection(SolutionConfigurationPlatforms) = preSolution
		Debug|Any CPU = Debug|Any CPU
		Release|Any CPU = Release|Any CPU
	EndGlobalSection
	GlobalSection(ProjectConfigurationPlatforms) = postSolution
		{9980AB6D-E4C1-431A-AB56-B7EAF5021B79}.Debug|Any CPU.ActiveCfg = Debug|Any CPU
		{9980AB6D-E4C1-431A-AB56-B7EAF5021B79}.Debug|Any CPU.Build.0 = Debug|Any CPU
		{9980AB6D-E4C1-431A-AB56-B7EAF5021B79}.Release|Any CPU.ActiveCfg = Release|Any CPU
		{9980AB6D-E4C1-431A-AB56-B7EAF5021B79}.Release|Any CPU.Build.0 = Release|Any CPU
		{9C97552E-36B8-45D0-B660-00933398037D}.Debug|Any CPU.ActiveCfg = Debug|Any CPU
		{9C97552E-36B8-45D0-B660-00933398037D}.Debug|Any CPU.Build.0 = Debug|Any CPU
		{9C97552E-36B8-45D0-B660-00933398037D}.Release|Any CPU.ActiveCfg = Release|Any CPU
		{9C97552E-36B8-45D0-B660-00933398037D}.Release|Any CPU.Build.0 = Release|Any CPU
	EndGlobalSection
	GlobalSection(SolutionProperties) = preSolution
		HideSolutionNode = FALSE
	EndGlobalSection
EndGlobal
